{
  "name": "@esekl/mcp",
  "version": "1.0.0",
  "lockfileVersion": 3,
  "requires": true,
  "packages": {
    "": {
      "name": "@esekl/mcp",
      "version": "1.0.0",
      "license": "MIT",
      "bin": {
        "eku-extract": "bin/eku_extract.mjs",
        "esekl": "bin/esekl.mjs",
        "esekl-demo": "bin/esekl_demo.mjs",
        "esekl-mcp": "bin/esekl_mcp.mjs",
        "esekl-query": "bin/esekl_query.mjs"
      },
      "engines": {
        "node": ">=18.0.0"
      }
    }
  }
}
